
Microsoft Visual Studio Solution File, Format Version 12.00
# Visual Studio Version 17
VisualStudioVersion = 17.9.34714.143
MinimumVisualStudioVersion = 10.0.40219.1
Project("{FAE04EC0-301F-11D3-BF4B-00C04F79EFBC}") = "practica13", "practica13\practica13.csproj", "{5E9EABF0-D2E2-474E-B449-99A9BA680379}"
EndProject
Global
	GlobalSection(SolutionConfigurationPlatforms) = preSolution
		Debug|Any CPU = Debug|Any CPU
		Release|Any CPU = Release|Any CPU
	EndGlobalSection
	GlobalSection(ProjectConfigurationPlatforms) = postSolution
		{5E9EABF0-D2E2-474E-B449-99A9BA680379}.Debug|Any CPU.ActiveCfg = Debug|Any CPU
		{5E9EABF0-D2E2-474E-B449-99A9BA680379}.Debug|Any CPU.Build.0 = Debug|Any CPU
		{5E9EABF0-D2E2-474E-B449-99A9BA680379}.Release|Any CPU.ActiveCfg = Release|Any CPU
		{5E9EABF0-D2E2-474E-B449-99A9BA680379}.Release|Any CPU.Build.0 = Release|Any CPU
	EndGlobalSection
	GlobalSection(SolutionProperties) = preSolution
		HideSolutionNode = FALSE
	EndGlobalSection
	GlobalSection(ExtensibilityGlobals) = postSolution
		SolutionGuid = {5B8E55F2-1ABD-4F11-A06B-C8B964A07B5D}
	EndGlobalSection
EndGlobal
