
Microsoft Visual Studio Solution File, Format Version 12.00
# Visual Studio Version 17
VisualStudioVersion = 17.8.34525.116
MinimumVisualStudioVersion = 10.0.40219.1
Project("{9A19103F-16F7-4668-BE54-9A1E7A4F7556}") = "login", "login\login.csproj", "{6AA5AEAB-A2E2-4526-BFFB-FC36893160FD}"
EndProject
Global
	GlobalSection(SolutionConfigurationPlatforms) = preSolution
		Debug|Any CPU = Debug|Any CPU
		Release|Any CPU = Release|Any CPU
	EndGlobalSection
	GlobalSection(ProjectConfigurationPlatforms) = postSolution
		{6AA5AEAB-A2E2-4526-BFFB-FC36893160FD}.Debug|Any CPU.ActiveCfg = Release|Any CPU
		{6AA5AEAB-A2E2-4526-BFFB-FC36893160FD}.Debug|Any CPU.Build.0 = Release|Any CPU
		{6AA5AEAB-A2E2-4526-BFFB-FC36893160FD}.Release|Any CPU.ActiveCfg = Release|Any CPU
		{6AA5AEAB-A2E2-4526-BFFB-FC36893160FD}.Release|Any CPU.Build.0 = Release|Any CPU
	EndGlobalSection
	GlobalSection(SolutionProperties) = preSolution
		HideSolutionNode = FALSE
	EndGlobalSection
	GlobalSection(ExtensibilityGlobals) = postSolution
		SolutionGuid = {FA496C8E-7CCE-4EC1-A8B1-7689FDD95A8F}
	EndGlobalSection
EndGlobal
