
Microsoft Visual Studio Solution File, Format Version 12.00
# Visual Studio Version 17
VisualStudioVersion = 17.9.34714.143
MinimumVisualStudioVersion = 10.0.40219.1
Project("{FAE04EC0-301F-11D3-BF4B-00C04F79EFBC}") = "examen", "examen\examen.csproj", "{8B75FC54-B96B-496E-B247-C8DFAE0A3999}"
EndProject
Global
	GlobalSection(SolutionConfigurationPlatforms) = preSolution
		Debug|Any CPU = Debug|Any CPU
		Release|Any CPU = Release|Any CPU
	EndGlobalSection
	GlobalSection(ProjectConfigurationPlatforms) = postSolution
		{8B75FC54-B96B-496E-B247-C8DFAE0A3999}.Debug|Any CPU.ActiveCfg = Debug|Any CPU
		{8B75FC54-B96B-496E-B247-C8DFAE0A3999}.Debug|Any CPU.Build.0 = Debug|Any CPU
		{8B75FC54-B96B-496E-B247-C8DFAE0A3999}.Release|Any CPU.ActiveCfg = Release|Any CPU
		{8B75FC54-B96B-496E-B247-C8DFAE0A3999}.Release|Any CPU.Build.0 = Release|Any CPU
	EndGlobalSection
	GlobalSection(SolutionProperties) = preSolution
		HideSolutionNode = FALSE
	EndGlobalSection
	GlobalSection(ExtensibilityGlobals) = postSolution
		SolutionGuid = {3F4839D9-002E-47B5-986E-8B41FBA20010}
	EndGlobalSection
EndGlobal
