
Microsoft Visual Studio Solution File, Format Version 12.00
# Visual Studio Version 17
VisualStudioVersion = 17.9.34714.143
MinimumVisualStudioVersion = 10.0.40219.1
Project("{FAE04EC0-301F-11D3-BF4B-00C04F79EFBC}") = "examen_ejercicio2", "examen_ejercicio2\examen_ejercicio2.csproj", "{BA76461F-F971-401A-A094-3E8A024DA457}"
EndProject
Global
	GlobalSection(SolutionConfigurationPlatforms) = preSolution
		Debug|Any CPU = Debug|Any CPU
		Release|Any CPU = Release|Any CPU
	EndGlobalSection
	GlobalSection(ProjectConfigurationPlatforms) = postSolution
		{BA76461F-F971-401A-A094-3E8A024DA457}.Debug|Any CPU.ActiveCfg = Debug|Any CPU
		{BA76461F-F971-401A-A094-3E8A024DA457}.Debug|Any CPU.Build.0 = Debug|Any CPU
		{BA76461F-F971-401A-A094-3E8A024DA457}.Release|Any CPU.ActiveCfg = Release|Any CPU
		{BA76461F-F971-401A-A094-3E8A024DA457}.Release|Any CPU.Build.0 = Release|Any CPU
	EndGlobalSection
	GlobalSection(SolutionProperties) = preSolution
		HideSolutionNode = FALSE
	EndGlobalSection
	GlobalSection(ExtensibilityGlobals) = postSolution
		SolutionGuid = {47646849-9D8F-4BF1-A626-AC649FCB6D58}
	EndGlobalSection
EndGlobal
